
Microsoft Visual Studio Solution File, Format Version 12.00
# Visual Studio Version 16
VisualStudioVersion = 16.0.34114.132
MinimumVisualStudioVersion = 10.0.40219.1
Project("{FAE04EC0-301F-11D3-BF4B-00C04F79EFBC}") = "Kriptoloji_Ödev", "Kriptoloji_Ödev\Kriptoloji_Ödev.csproj", "{BE8649F0-D27C-4EE7-BB8F-72B2A169911A}"
EndProject
Global
	GlobalSection(SolutionConfigurationPlatforms) = preSolution
		Debug|Any CPU = Debug|Any CPU
		Release|Any CPU = Release|Any CPU
	EndGlobalSection
	GlobalSection(ProjectConfigurationPlatforms) = postSolution
		{BE8649F0-D27C-4EE7-BB8F-72B2A169911A}.Debug|Any CPU.ActiveCfg = Debug|Any CPU
		{BE8649F0-D27C-4EE7-BB8F-72B2A169911A}.Debug|Any CPU.Build.0 = Debug|Any CPU
		{BE8649F0-D27C-4EE7-BB8F-72B2A169911A}.Release|Any CPU.ActiveCfg = Release|Any CPU
		{BE8649F0-D27C-4EE7-BB8F-72B2A169911A}.Release|Any CPU.Build.0 = Release|Any CPU
	EndGlobalSection
	GlobalSection(SolutionProperties) = preSolution
		HideSolutionNode = FALSE
	EndGlobalSection
	GlobalSection(ExtensibilityGlobals) = postSolution
		SolutionGuid = {FAAF3EF9-7071-4DE4-BDBD-BEEB0F67A65C}
	EndGlobalSection
EndGlobal
